
Microsoft Visual Studio Solution File, Format Version 12.00
# Visual Studio 14
VisualStudioVersion = 14.0.24720.0
MinimumVisualStudioVersion = 10.0.40219.1
Project("{FAE04EC0-301F-11D3-BF4B-00C04F79EFBC}") = "ConsoleApplication", "ConsoleApplication\ConsoleApplication.csproj", "{6E34BBB4-2ADD-411A-A2D5-CC27339DF992}"
EndProject
Project("{FAE04EC0-301F-11D3-BF4B-00C04F79EFBC}") = "libmusic", "libmusic\libmusic.csproj", "{74DE55AC-F1D5-4C6F-9ABA-922A8A2D9731}"
EndProject
Global
	GlobalSection(SolutionConfigurationPlatforms) = preSolution
		Debug|Any CPU = Debug|Any CPU
		Release|Any CPU = Release|Any CPU
	EndGlobalSection
	GlobalSection(ProjectConfigurationPlatforms) = postSolution
		{6E34BBB4-2ADD-411A-A2D5-CC27339DF992}.Debug|Any CPU.ActiveCfg = Debug|Any CPU
		{6E34BBB4-2ADD-411A-A2D5-CC27339DF992}.Debug|Any CPU.Build.0 = Debug|Any CPU
		{6E34BBB4-2ADD-411A-A2D5-CC27339DF992}.Release|Any CPU.ActiveCfg = Release|Any CPU
		{6E34BBB4-2ADD-411A-A2D5-CC27339DF992}.Release|Any CPU.Build.0 = Release|Any CPU
		{74DE55AC-F1D5-4C6F-9ABA-922A8A2D9731}.Debug|Any CPU.ActiveCfg = Debug|Any CPU
		{74DE55AC-F1D5-4C6F-9ABA-922A8A2D9731}.Debug|Any CPU.Build.0 = Debug|Any CPU
		{74DE55AC-F1D5-4C6F-9ABA-922A8A2D9731}.Release|Any CPU.ActiveCfg = Release|Any CPU
		{74DE55AC-F1D5-4C6F-9ABA-922A8A2D9731}.Release|Any CPU.Build.0 = Release|Any CPU
	EndGlobalSection
	GlobalSection(SolutionProperties) = preSolution
		HideSolutionNode = FALSE
	EndGlobalSection
EndGlobal
